<?xml version="1.0"?>
<CONFIG>
  <ProjectOptions>
    <Version Value="9"/>
    <PathDelim Value="\"/>
    <General>
      <MainUnit Value="0"/>
      <Title Value="SimpleGraphBuilder"/>
      <ResourceType Value="res"/>
      <UseXPManifest Value="True"/>
      <Icon Value="0"/>
      <ActiveWindowIndexAtStart Value="0"/>
    </General>
    <i18n>
      <EnableI18N LFM="False"/>
    </i18n>
    <VersionInfo>
      <UseVersionInfo Value="True"/>
      <RevisionNr Value="3"/>
      <StringTable Comments="Simple Graph Convertion Application" CompanyName="Evosi" InternalName="EvsSimpleGraphDemo" LegalCopyright="All rights reserved" ProductVersion="Pre alpha"/>
    </VersionInfo>
    <MacroValues Count="1">
      <Macro1 Name="LCLWidgetType" Value="win32"/>
    </MacroValues>
    <BuildModes Count="3" Active="Win32_Debug">
      <Item1 Name="Win32_Debug" Default="True"/>
      <Item2 Name="QT_Debug">
        <MacroValues Count="1">
          <Macro1 Name="LCLWidgetType" Value="qt"/>
        </MacroValues>
        <CompilerOptions>
          <Version Value="11"/>
          <PathDelim Value="\"/>
          <Target>
            <Filename Value="bin\$(TargetCPU)-$(TargetOS)\SimpleGraphBuilder"/>
          </Target>
          <SearchPaths>
            <IncludeFiles Value="$(ProjOutDir)"/>
            <OtherUnitFiles Value=".."/>
            <UnitOutputDirectory Value="lib\$(TargetCPU)-$(TargetOS)"/>
          </SearchPaths>
          <CodeGeneration>
            <TargetCPU Value="i386"/>
            <TargetOS Value="win32"/>
          </CodeGeneration>
          <Linking>
            <Options>
              <Win32>
                <GraphicApplication Value="True"/>
              </Win32>
            </Options>
          </Linking>
          <Other>
            <CompilerMessages>
              <UseMsgFile Value="True"/>
            </CompilerMessages>
            <CompilerPath Value="$(CompPath)"/>
          </Other>
          <LCLWidgetType Value="qt"/>
        </CompilerOptions>
      </Item2>
      <Item3 Name="GTK2_Debug">
        <MacroValues Count="1">
          <Macro1 Name="LCLWidgetType" Value="gtk2"/>
        </MacroValues>
        <CompilerOptions>
          <Version Value="11"/>
          <PathDelim Value="\"/>
          <Target>
            <Filename Value="bin\$(TargetCPU)-$(TargetOS)\SimpleGraphBuilder"/>
          </Target>
          <SearchPaths>
            <IncludeFiles Value="$(ProjOutDir)"/>
            <OtherUnitFiles Value=".."/>
            <UnitOutputDirectory Value="lib\$(TargetCPU)-$(TargetOS)"/>
          </SearchPaths>
          <CodeGeneration>
            <TargetCPU Value="i386"/>
            <TargetOS Value="win32"/>
          </CodeGeneration>
          <Linking>
            <Options>
              <Win32>
                <GraphicApplication Value="True"/>
              </Win32>
            </Options>
          </Linking>
          <Other>
            <CompilerMessages>
              <UseMsgFile Value="True"/>
            </CompilerMessages>
            <CompilerPath Value="$(CompPath)"/>
          </Other>
          <LCLWidgetType Value="gtk2"/>
        </CompilerOptions>
      </Item3>
    </BuildModes>
    <PublishOptions>
      <Version Value="2"/>
      <DestinationDirectory Value="$(ProjPath)\published\"/>
      <IncludeFileFilter Value="*.(pas|pp|inc|lfm|lpr|lrs|lpi|lpk|sh|xml|res)"/>
      <ExcludeFileFilter Value="*.(bak|ppu|o|so);*~;backup"/>
    </PublishOptions>
    <RunParams>
      <local>
        <FormatVersion Value="1"/>
      </local>
    </RunParams>
    <RequiredPackages Count="2">
      <Item1>
        <PackageName Value="SynEdit"/>
      </Item1>
      <Item2>
        <PackageName Value="LCL"/>
      </Item2>
    </RequiredPackages>
    <Units Count="67">
      <Unit0>
        <Filename Value="SimpleGraphBuilder.lpr"/>
        <IsPartOfProject Value="True"/>
        <UnitName Value="SimpleGraphBuilder"/>
        <WindowIndex Value="0"/>
        <TopLine Value="1"/>
        <CursorPos X="37" Y="15"/>
        <UsageCount Value="208"/>
      </Unit0>
      <Unit1>
        <Filename Value="UfrmSimpleGraphTest.pas"/>
        <IsPartOfProject Value="True"/>
        <ComponentName Value="Form1"/>
        <HasResources Value="True"/>
        <ResourceBaseClass Value="Form"/>
        <UnitName Value="UfrmSimpleGraphTest"/>
        <EditorIndex Value="0"/>
        <WindowIndex Value="0"/>
        <TopLine Value="526"/>
        <CursorPos X="31" Y="566"/>
        <FoldState Value=" T3lB0JY"/>
        <UsageCount Value="208"/>
        <Loaded Value="True"/>
        <LoadedDesigner Value="True"/>
      </Unit1>
      <Unit2>
        <Filename Value="..\uevssimplegraph.pas"/>
        <IsPartOfProject Value="True"/>
        <UnitName Value="UEvsSimpleGraph"/>
        <IsVisibleTab Value="True"/>
        <EditorIndex Value="2"/>
        <WindowIndex Value="0"/>
        <TopLine Value="1288"/>
        <CursorPos X="20" Y="1320"/>
        <FoldState Value=" TL00{R TMnh50f TIjX22052 TJi-Y2J2 p0i~B2{.]AiXmF2}~[J4!B2#p5]Az22m3 pjEkR2R1]96jb2y111 T7pMLF01614 pmJqgI]=]X8mXMF8 T3m)a0{6d"/>
        <ExtraEditorCount Value="1"/>
        <ExtraEditor1>
          <TopLine Value="10036"/>
          <CursorPos X="22" Y="10053"/>
        </ExtraEditor1>
        <UsageCount Value="216"/>
        <Bookmarks Count="2">
          <Item0 X="3" Y="3578" ID="1"/>
          <Item1 X="22" Y="5405" ID="0"/>
        </Bookmarks>
        <Loaded Value="True"/>
      </Unit2>
      <Unit3>
        <Filename Value="..\SimpleGraph.pas"/>
        <UnitName Value="SimpleGraph"/>
        <WindowIndex Value="0"/>
        <TopLine Value="2056"/>
        <CursorPos X="17" Y="2086"/>
        <FoldState Value=" T7kARC44 p0tbJF062 T8xO24 TClUJ3i"/>
        <ExtraEditorCount Value="1"/>
        <ExtraEditor1>
          <WindowIndex Value="0"/>
          <TopLine Value="1"/>
          <CursorPos X="1" Y="1"/>
          <FoldState Value=" T7rMF{:1 piemPJF8T"/>
        </ExtraEditor1>
        <UsageCount Value="58"/>
        <Bookmarks Count="1">
          <Item0 X="14" Y="873" ID="5"/>
        </Bookmarks>
      </Unit3>
      <Unit4>
        <Filename Value="C:\lazarus.1.1\lcl\graphics.pp"/>
        <UnitName Value="Graphics"/>
        <WindowIndex Value="0"/>
        <TopLine Value="1152"/>
        <CursorPos X="14" Y="1170"/>
        <UsageCount Value="77"/>
      </Unit4>
      <Unit5>
        <Filename Value="C:\lazarus.1.1\lcl\controls.pp"/>
        <UnitName Value="Controls"/>
        <WindowIndex Value="0"/>
        <TopLine Value="139"/>
        <CursorPos X="3" Y="159"/>
        <UsageCount Value="11"/>
      </Unit5>
      <Unit6>
        <Filename Value="C:\lazarus.1.1\lcl\include\wincontrol.inc"/>
        <WindowIndex Value="0"/>
        <TopLine Value="6040"/>
        <CursorPos X="3" Y="6045"/>
        <UsageCount Value="8"/>
      </Unit6>
      <Unit7>
        <Filename Value="..\uFrmDebug.pas"/>
        <ComponentName Value="Form2"/>
        <HasResources Value="True"/>
        <ResourceBaseClass Value="Form"/>
        <UnitName Value="uFrmDebug"/>
        <WindowIndex Value="0"/>
        <TopLine Value="1"/>
        <CursorPos X="26" Y="16"/>
        <UsageCount Value="211"/>
      </Unit7>
      <Unit8>
        <Filename Value="..\uEvsRegions.pas"/>
        <UnitName Value="uEvsRegions"/>
        <WindowIndex Value="0"/>
        <TopLine Value="4"/>
        <CursorPos X="14" Y="30"/>
        <UsageCount Value="201"/>
      </Unit8>
      <Unit9>
        <Filename Value="C:\lazarus.1.1\lcl\stdctrls.pp"/>
        <UnitName Value="StdCtrls"/>
        <WindowIndex Value="0"/>
        <TopLine Value="54"/>
        <CursorPos X="32" Y="89"/>
        <UsageCount Value="28"/>
      </Unit9>
      <Unit10>
        <Filename Value="C:\lazarus.1.1\lcl\include\scrollbar.inc"/>
        <WindowIndex Value="0"/>
        <TopLine Value="238"/>
        <CursorPos X="3" Y="264"/>
        <UsageCount Value="40"/>
      </Unit10>
      <Unit11>
        <Filename Value="C:\lazarus.1.1\components\Generics\TemplateGenerics\Generic\GenericDictionary.inc"/>
        <WindowIndex Value="0"/>
        <TopLine Value="1"/>
        <CursorPos X="1" Y="1"/>
        <UsageCount Value="28"/>
      </Unit11>
      <Unit12>
        <Filename Value="C:\lazarus.1.1\lcl\include\customactionlist.inc"/>
        <WindowIndex Value="0"/>
        <TopLine Value="123"/>
        <CursorPos X="3" Y="130"/>
        <UsageCount Value="12"/>
      </Unit12>
      <Unit13>
        <Filename Value="uFrmDebug.pas"/>
        <IsPartOfProject Value="True"/>
        <ComponentName Value="Form2"/>
        <HasResources Value="True"/>
        <ResourceBaseClass Value="Form"/>
        <UnitName Value="uFrmDebug"/>
        <EditorIndex Value="1"/>
        <WindowIndex Value="0"/>
        <TopLine Value="32"/>
        <CursorPos X="26" Y="53"/>
        <UsageCount Value="213"/>
        <Loaded Value="True"/>
        <LoadedDesigner Value="True"/>
      </Unit13>
      <Unit14>
        <Filename Value="..\..\..\..\..\Tools\_Downloaded\ReactOS\SVN\win32ss\gdi\ntgdi\region.c"/>
        <WindowIndex Value="0"/>
        <TopLine Value="3627"/>
        <CursorPos X="41" Y="3657"/>
        <UsageCount Value="18"/>
        <DefaultSyntaxHighlighter Value="C++"/>
      </Unit14>
      <Unit15>
        <Filename Value="..\..\..\..\..\Tools\_Downloaded\ReactOS\SVN\win32ss\gdi\ntgdi\xformobj.c"/>
        <WindowIndex Value="0"/>
        <TopLine Value="396"/>
        <CursorPos X="22" Y="411"/>
        <UsageCount Value="18"/>
        <DefaultSyntaxHighlighter Value="C++"/>
      </Unit15>
      <Unit16>
        <Filename Value="C:\lazarus.1.1\lcl\forms.pp"/>
        <UnitName Value="Forms"/>
        <WindowIndex Value="0"/>
        <TopLine Value="952"/>
        <CursorPos X="14" Y="969"/>
        <UsageCount Value="4"/>
      </Unit16>
      <Unit17>
        <Filename Value="C:\lazarus.1.0\lcl\include\winapih.inc"/>
        <EditorIndex Value="4"/>
        <WindowIndex Value="0"/>
        <TopLine Value="294"/>
        <CursorPos X="10" Y="311"/>
        <UsageCount Value="38"/>
        <Loaded Value="True"/>
      </Unit17>
      <Unit18>
        <Filename Value="C:\lazarus.1.0\lcl\forms.pp"/>
        <UnitName Value="Forms"/>
        <WindowIndex Value="0"/>
        <TopLine Value="127"/>
        <CursorPos X="43" Y="135"/>
        <UsageCount Value="14"/>
      </Unit18>
      <Unit19>
        <Filename Value="C:\lazarus.1.0\fpc\2.6.2\Source\rtl\win\wininc\base.inc"/>
        <WindowIndex Value="0"/>
        <TopLine Value="554"/>
        <CursorPos X="13" Y="578"/>
        <UsageCount Value="2"/>
      </Unit19>
      <Unit20>
        <Filename Value="C:\lazarus.1.0\lcl\controls.pp"/>
        <UnitName Value="Controls"/>
        <EditorIndex Value="6"/>
        <WindowIndex Value="0"/>
        <TopLine Value="2087"/>
        <CursorPos X="15" Y="2120"/>
        <FoldState Value=" T7ioLKG1v"/>
        <UsageCount Value="70"/>
        <Loaded Value="True"/>
      </Unit20>
      <Unit21>
        <Filename Value="C:\lazarus.1.0\lcl\include\wincontrol.inc"/>
        <EditorIndex Value="7"/>
        <WindowIndex Value="0"/>
        <TopLine Value="6043"/>
        <CursorPos X="3" Y="6047"/>
        <UsageCount Value="12"/>
        <Loaded Value="True"/>
      </Unit21>
      <Unit22>
        <Filename Value="C:\lazarus.1.0\lcl\include\scrollingwincontrol.inc"/>
        <WindowIndex Value="0"/>
        <TopLine Value="63"/>
        <CursorPos X="3" Y="67"/>
        <FoldState Value=" T3jc2LN"/>
        <UsageCount Value="11"/>
      </Unit22>
      <Unit23>
        <Filename Value="C:\lazarus.1.0\lcl\include\controlscrollbar.inc"/>
        <WindowIndex Value="0"/>
        <TopLine Value="466"/>
        <CursorPos X="3" Y="474"/>
        <UsageCount Value="11"/>
      </Unit23>
      <Unit24>
        <Filename Value="C:\lazarus.1.0\fpc\2.6.2\Source\rtl\win\wininc\func.inc"/>
        <EditorIndex Value="3"/>
        <WindowIndex Value="0"/>
        <TopLine Value="519"/>
        <CursorPos X="10" Y="536"/>
        <UsageCount Value="21"/>
        <Loaded Value="True"/>
      </Unit24>
      <Unit25>
        <Filename Value="C:\lazarus.1.0\fpc\2.6.2\Source\rtl\win\wininc\struct.inc"/>
        <WindowIndex Value="0"/>
        <TopLine Value="207"/>
        <CursorPos X="15" Y="224"/>
        <UsageCount Value="17"/>
      </Unit25>
      <Unit26>
        <Filename Value="C:\lazarus.1.0\lcl\lcltype.pp"/>
        <UnitName Value="LCLType"/>
        <EditorIndex Value="5"/>
        <WindowIndex Value="0"/>
        <TopLine Value="785"/>
        <CursorPos X="3" Y="802"/>
        <UsageCount Value="19"/>
        <Loaded Value="True"/>
      </Unit26>
      <Unit27>
        <Filename Value="uevsregiontests.pas"/>
        <ComponentName Value="Form3"/>
        <HasResources Value="True"/>
        <ResourceBaseClass Value="Form"/>
        <UnitName Value="uevsRegionTests"/>
        <WindowIndex Value="0"/>
        <TopLine Value="83"/>
        <CursorPos X="35" Y="92"/>
        <UsageCount Value="111"/>
      </Unit27>
      <Unit28>
        <Filename Value="..\simplegraph_ORIGINAL\SimpleGraph.pas"/>
        <UnitName Value="SimpleGraph"/>
        <WindowIndex Value="0"/>
        <TopLine Value="8664"/>
        <CursorPos X="13" Y="8684"/>
        <UsageCount Value="2"/>
      </Unit28>
      <Unit29>
        <Filename Value="C:\lazarus.1.0\lcl\clipbrd.pp"/>
        <UnitName Value="Clipbrd"/>
        <WindowIndex Value="0"/>
        <TopLine Value="207"/>
        <CursorPos X="19" Y="225"/>
        <FoldState Value=" TLO0{7L"/>
        <UsageCount Value="25"/>
      </Unit29>
      <Unit30>
        <Filename Value="C:\lazarus.1.0\lcl\include\clipbrd.inc"/>
        <WindowIndex Value="0"/>
        <TopLine Value="1"/>
        <CursorPos X="1" Y="1"/>
        <UsageCount Value="25"/>
      </Unit30>
      <Unit31>
        <Filename Value="C:\lazarus.1.0\lcl\include\control.inc"/>
        <WindowIndex Value="0"/>
        <TopLine Value="4847"/>
        <CursorPos X="3" Y="4881"/>
        <UsageCount Value="2"/>
      </Unit31>
      <Unit32>
        <Filename Value="C:\lazarus.1.0\lcl\dialogs.pp"/>
        <UnitName Value="Dialogs"/>
        <WindowIndex Value="0"/>
        <TopLine Value="487"/>
        <CursorPos X="13" Y="494"/>
        <UsageCount Value="6"/>
      </Unit32>
      <Unit33>
        <Filename Value="C:\lazarus.1.0\lcl\include\messagedialogs.inc"/>
        <WindowIndex Value="0"/>
        <TopLine Value="141"/>
        <CursorPos X="20" Y="165"/>
        <UsageCount Value="6"/>
      </Unit33>
      <Unit34>
        <Filename Value="..\..\..\Evosi\Port\UEVSBaseGraph.pas"/>
        <UnitName Value="UEVSBaseGraph"/>
        <WindowIndex Value="0"/>
        <TopLine Value="441"/>
        <CursorPos X="16" Y="459"/>
        <FoldState Value=" T7JGX5 picjeKD2 pj4jNHR T3rV0\3-"/>
        <UsageCount Value="2"/>
      </Unit34>
      <Unit35>
        <Filename Value="C:\lazarus.1.0\lcl\graphics.pp"/>
        <UnitName Value="Graphics"/>
        <EditorIndex Value="8"/>
        <WindowIndex Value="0"/>
        <TopLine Value="1064"/>
        <CursorPos X="15" Y="1082"/>
        <UsageCount Value="49"/>
        <Loaded Value="True"/>
      </Unit35>
      <Unit36>
        <Filename Value="C:\lazarus.1.0\fpc\2.6.2\Source\rtl\objpas\classes\classesh.inc"/>
        <WindowIndex Value="0"/>
        <TopLine Value="110"/>
        <CursorPos X="3" Y="127"/>
        <UsageCount Value="1"/>
      </Unit36>
      <Unit37>
        <Filename Value="C:\lazarus.1.0\lcl\include\canvas.inc"/>
        <WindowIndex Value="0"/>
        <TopLine Value="770"/>
        <CursorPos X="3" Y="787"/>
        <UsageCount Value="33"/>
      </Unit37>
      <Unit38>
        <Filename Value="C:\lazarus.1.0\lcl\include\lclintfh.inc"/>
        <WindowIndex Value="0"/>
        <TopLine Value="72"/>
        <CursorPos X="10" Y="89"/>
        <UsageCount Value="41"/>
      </Unit38>
      <Unit39>
        <Filename Value="..\DELPHIAREA.INC"/>
        <WindowIndex Value="0"/>
        <TopLine Value="10"/>
        <CursorPos X="1" Y="32"/>
        <UsageCount Value="16"/>
      </Unit39>
      <Unit40>
        <Filename Value="C:\lazarus.1.0\fpc\2.6.2\Source\packages\winunits-base\src\commctrl.pp"/>
        <UnitName Value="CommCtrl"/>
        <WindowIndex Value="0"/>
        <TopLine Value="1"/>
        <CursorPos X="1" Y="44"/>
        <UsageCount Value="16"/>
      </Unit40>
      <Unit41>
        <Filename Value="C:\lazarus.1.0\fpc\2.6.2\Source\rtl\win\wininc\redef.inc"/>
        <WindowIndex Value="0"/>
        <TopLine Value="564"/>
        <CursorPos X="10" Y="581"/>
        <UsageCount Value="14"/>
      </Unit41>
      <Unit42>
        <Filename Value="C:\lazarus.1.0\lcl\interfacebase.pp"/>
        <UnitName Value="InterfaceBase"/>
        <WindowIndex Value="0"/>
        <TopLine Value="1"/>
        <CursorPos X="1" Y="1"/>
        <UsageCount Value="3"/>
      </Unit42>
      <Unit43>
        <Filename Value="C:\lazarus.1.0\lcl\interfaces\gtk\gtkwinapi.inc"/>
        <WindowIndex Value="0"/>
        <TopLine Value="4078"/>
        <CursorPos X="23" Y="3816"/>
        <UsageCount Value="5"/>
      </Unit43>
      <Unit44>
        <Filename Value="C:\lazarus.1.0\lcl\interfaces\gtk\gtk1extra.inc"/>
        <WindowIndex Value="0"/>
        <TopLine Value="427"/>
        <CursorPos X="3" Y="438"/>
        <UsageCount Value="5"/>
      </Unit44>
      <Unit45>
        <Filename Value="..\backup\simplegraph.pas"/>
        <UnitName Value="SimpleGraph"/>
        <WindowIndex Value="0"/>
        <TopLine Value="4603"/>
        <CursorPos X="3" Y="4609"/>
        <UsageCount Value="5"/>
      </Unit45>
      <Unit46>
        <Filename Value="uevsgdipluscanvas.pas"/>
        <UnitName Value="uEvsGDIPlusCanvas"/>
        <WindowIndex Value="0"/>
        <TopLine Value="1"/>
        <CursorPos X="39" Y="25"/>
        <UsageCount Value="38"/>
      </Unit46>
      <Unit47>
        <Filename Value="C:\lazarus.1.0\lcl\lclclasses.pp"/>
        <UnitName Value="LCLClasses"/>
        <WindowIndex Value="0"/>
        <TopLine Value="117"/>
        <CursorPos X="3" Y="119"/>
        <UsageCount Value="2"/>
      </Unit47>
      <Unit48>
        <Filename Value="C:\lazarus.1.0\lcl\include\customcontrol.inc"/>
        <WindowIndex Value="0"/>
        <TopLine Value="21"/>
        <CursorPos X="3" Y="47"/>
        <UsageCount Value="11"/>
      </Unit48>
      <Unit49>
        <Filename Value="C:\lazarus.1.0\lcl\include\lclintf.inc"/>
        <WindowIndex Value="0"/>
        <TopLine Value="393"/>
        <CursorPos X="3" Y="395"/>
        <UsageCount Value="39"/>
      </Unit49>
      <Unit50>
        <Filename Value="..\..\..\Evosi\Components\gdiplus\pas\Jedi.inc"/>
        <WindowIndex Value="0"/>
        <TopLine Value="290"/>
        <CursorPos X="13" Y="310"/>
        <FoldState Value=" TKX0{vX"/>
        <UsageCount Value="4"/>
      </Unit50>
      <Unit51>
        <Filename Value="..\..\..\Evosi\Components\gdiplus\pas\DirectDraw.pas"/>
        <UnitName Value="DirectDraw"/>
        <WindowIndex Value="0"/>
        <TopLine Value="47"/>
        <CursorPos X="1" Y="71"/>
        <FoldState Value=" TMi30H:"/>
        <UsageCount Value="5"/>
      </Unit51>
      <Unit52>
        <Filename Value="..\..\..\Evosi\Components\gdiplus\pas\DirectX.inc"/>
        <WindowIndex Value="0"/>
        <TopLine Value="1"/>
        <CursorPos X="1" Y="1"/>
        <UsageCount Value="4"/>
      </Unit52>
      <Unit53>
        <Filename Value="..\..\..\Evosi\Components\gdiplus\pas\GDIPAPI.pas"/>
        <UnitName Value="GDIPAPI"/>
        <WindowIndex Value="0"/>
        <TopLine Value="94"/>
        <CursorPos X="20" Y="109"/>
        <UsageCount Value="22"/>
      </Unit53>
      <Unit54>
        <Filename Value="C:\Program Files\CodeGear\RAD Studio\5.0\include\windows.inc"/>
        <WindowIndex Value="0"/>
        <TopLine Value="1"/>
        <CursorPos X="1" Y="13"/>
        <UsageCount Value="8"/>
      </Unit54>
      <Unit55>
        <Filename Value="C:\Program Files\CodeGear\RAD Studio\5.0\source\Win32\rtl\win\Windows.pas"/>
        <UnitName Value="Windows"/>
        <WindowIndex Value="0"/>
        <TopLine Value="16560"/>
        <CursorPos X="1" Y="16579"/>
        <UsageCount Value="8"/>
      </Unit55>
      <Unit56>
        <Filename Value="C:\lazarus.1.0\fpc\2.6.2\Source\rtl\win\wininc\defines.inc"/>
        <WindowIndex Value="0"/>
        <TopLine Value="3523"/>
        <CursorPos X="6" Y="3558"/>
        <UsageCount Value="8"/>
      </Unit56>
      <Unit57>
        <Filename Value="..\..\..\Evosi\Components\gdiplus\pas\GDIPOBJ.pas"/>
        <UnitName Value="GDIPOBJ"/>
        <WindowIndex Value="0"/>
        <TopLine Value="742"/>
        <CursorPos X="14" Y="758"/>
        <UsageCount Value="22"/>
      </Unit57>
      <Unit58>
        <Filename Value="..\..\..\Evosi\Components\gdiplus\pas\uevsgdipluscanvas.pas"/>
        <UnitName Value="uEvsGDIPlusCanvas"/>
        <WindowIndex Value="0"/>
        <TopLine Value="205"/>
        <CursorPos X="1" Y="231"/>
        <FoldState Value=" T3jV062 TMk50b{"/>
        <UsageCount Value="36"/>
        <Bookmarks Count="1">
          <Item0 X="1" Y="909" ID="0"/>
        </Bookmarks>
      </Unit58>
      <Unit59>
        <Filename Value="C:\lazarus.1.0\fpc\2.6.2\Source\packages\fcl-image\src\fpcanvas.pp"/>
        <UnitName Value="FPCanvas"/>
        <WindowIndex Value="0"/>
        <TopLine Value="311"/>
        <CursorPos X="15" Y="326"/>
        <UsageCount Value="8"/>
      </Unit59>
      <Unit60>
        <Filename Value="C:\lazarus.1.0\fpc\2.6.2\Source\packages\fcl-image\src\fpcanvas.inc"/>
        <WindowIndex Value="0"/>
        <TopLine Value="376"/>
        <CursorPos X="3" Y="378"/>
        <UsageCount Value="8"/>
      </Unit60>
      <Unit61>
        <Filename Value="C:\lazarus.1.0\fpc\2.6.2\Source\packages\fcl-image\src\fpimage.pp"/>
        <UnitName Value="FPimage"/>
        <WindowIndex Value="0"/>
        <TopLine Value="77"/>
        <CursorPos X="3" Y="93"/>
        <UsageCount Value="7"/>
      </Unit61>
      <Unit62>
        <Filename Value="..\..\..\Evosi\Components\gdiplus\pas\UEVSGDIPHelpers.pas"/>
        <UnitName Value="UEVSGDIPHelpers"/>
        <WindowIndex Value="0"/>
        <TopLine Value="200"/>
        <CursorPos X="3" Y="216"/>
        <FoldState Value=" TMnV08b"/>
        <UsageCount Value="7"/>
      </Unit62>
      <Unit63>
        <Filename Value="C:\lazarus.1.0\lcl\actnlist.pas"/>
        <UnitName Value="ActnList"/>
        <WindowIndex Value="0"/>
        <TopLine Value="187"/>
        <CursorPos X="14" Y="203"/>
        <UsageCount Value="11"/>
      </Unit63>
      <Unit64>
        <Filename Value="C:\lazarus.1.0\lcl\include\filedialog.inc"/>
        <WindowIndex Value="0"/>
        <TopLine Value="387"/>
        <CursorPos X="3" Y="417"/>
        <UsageCount Value="6"/>
      </Unit64>
      <Unit65>
        <Filename Value="C:\lazarus.1.0\lcl\include\commondialog.inc"/>
        <WindowIndex Value="0"/>
        <TopLine Value="100"/>
        <CursorPos X="3" Y="125"/>
        <UsageCount Value="6"/>
      </Unit65>
      <Unit66>
        <Filename Value="C:\lazarus.1.0\lcl\include\winapi.inc"/>
        <WindowIndex Value="0"/>
        <TopLine Value="36"/>
        <CursorPos X="3" Y="38"/>
        <UsageCount Value="25"/>
      </Unit66>
    </Units>
    <JumpHistory Count="30" HistoryIndex="29">
      <Position1>
        <Filename Value="..\uevssimplegraph.pas"/>
        <Caret Line="5420" Column="3" TopLine="5410"/>
      </Position1>
      <Position2>
        <Filename Value="..\uevssimplegraph.pas"/>
        <Caret Line="538" Column="14" TopLine="522"/>
      </Position2>
      <Position3>
        <Filename Value="..\uevssimplegraph.pas"/>
        <Caret Line="2944" Column="3" TopLine="2924"/>
      </Position3>
      <Position4>
        <Filename Value="..\uevssimplegraph.pas"/>
        <Caret Line="4949" Column="1" TopLine="4932"/>
      </Position4>
      <Position5>
        <Filename Value="..\uevssimplegraph.pas"/>
        <Caret Line="7182" Column="1" TopLine="7164"/>
      </Position5>
      <Position6>
        <Filename Value="..\uevssimplegraph.pas"/>
        <Caret Line="4947" Column="45" TopLine="4923"/>
      </Position6>
      <Position7>
        <Filename Value="..\uevssimplegraph.pas"/>
        <Caret Line="5360" Column="11" TopLine="5373"/>
      </Position7>
      <Position8>
        <Filename Value="..\uevssimplegraph.pas"/>
        <Caret Line="5461" Column="14" TopLine="5437"/>
      </Position8>
      <Position9>
        <Filename Value="UfrmSimpleGraphTest.pas"/>
        <Caret Line="169" Column="23" TopLine="145"/>
      </Position9>
      <Position10>
        <Filename Value="UfrmSimpleGraphTest.pas"/>
        <Caret Line="496" Column="24" TopLine="479"/>
      </Position10>
      <Position11>
        <Filename Value="UfrmSimpleGraphTest.pas"/>
        <Caret Line="444" Column="20" TopLine="430"/>
      </Position11>
      <Position12>
        <Filename Value="uFrmDebug.pas"/>
        <Caret Line="20" Column="15" TopLine="5"/>
      </Position12>
      <Position13>
        <Filename Value="uFrmDebug.pas"/>
        <Caret Line="22" Column="15" TopLine="5"/>
      </Position13>
      <Position14>
        <Filename Value="uFrmDebug.pas"/>
        <Caret Line="30" Column="52" TopLine="15"/>
      </Position14>
      <Position15>
        <Filename Value="..\uevssimplegraph.pas"/>
        <Caret Line="140" Column="27" TopLine="1"/>
      </Position15>
      <Position16>
        <Filename Value="UfrmSimpleGraphTest.pas"/>
        <Caret Line="566" Column="31" TopLine="526"/>
      </Position16>
      <Position17>
        <Filename Value="..\uevssimplegraph.pas"/>
        <Caret Line="5402" Column="26" TopLine="5386"/>
      </Position17>
      <Position18>
        <Filename Value="..\uevssimplegraph.pas"/>
        <Caret Line="140" Column="30" TopLine="123"/>
      </Position18>
      <Position19>
        <Filename Value="..\uevssimplegraph.pas"/>
        <Caret Line="5403" Column="27" TopLine="5375"/>
      </Position19>
      <Position20>
        <Filename Value="..\uevssimplegraph.pas"/>
        <Caret Line="5408" Column="27" TopLine="5380"/>
      </Position20>
      <Position21>
        <Filename Value="..\uevssimplegraph.pas"/>
        <Caret Line="5415" Column="31" TopLine="5387"/>
      </Position21>
      <Position22>
        <Filename Value="uFrmDebug.pas"/>
        <Caret Line="51" Column="19" TopLine="35"/>
      </Position22>
      <Position23>
        <Filename Value="..\uevssimplegraph.pas"/>
        <Caret Line="5400" Column="26" TopLine="5384"/>
      </Position23>
      <Position24>
        <Filename Value="..\uevssimplegraph.pas"/>
        <Caret Line="5403" Column="27" TopLine="5384"/>
      </Position24>
      <Position25>
        <Filename Value="..\uevssimplegraph.pas"/>
        <Caret Line="1" Column="1" TopLine="1"/>
      </Position25>
      <Position26>
        <Filename Value="..\uevssimplegraph.pas"/>
        <Caret Line="140" Column="30" TopLine="110"/>
      </Position26>
      <Position27>
        <Filename Value="..\uevssimplegraph.pas"/>
        <Caret Line="1385" Column="27" TopLine="1357"/>
      </Position27>
      <Position28>
        <Filename Value="..\uevssimplegraph.pas"/>
        <Caret Line="1386" Column="27" TopLine="1358"/>
      </Position28>
      <Position29>
        <Filename Value="..\uevssimplegraph.pas"/>
        <Caret Line="1387" Column="27" TopLine="1359"/>
      </Position29>
      <Position30>
        <Filename Value="..\uevssimplegraph.pas"/>
        <Caret Line="4517" Column="17" TopLine="4498"/>
      </Position30>
    </JumpHistory>
  </ProjectOptions>
  <CompilerOptions>
    <Version Value="11"/>
    <PathDelim Value="\"/>
    <Target>
      <Filename Value="bin\$(TargetCPU)-$(TargetOS)\SimpleGraphBuilder"/>
    </Target>
    <SearchPaths>
      <IncludeFiles Value="$(ProjOutDir)"/>
      <OtherUnitFiles Value=".."/>
      <UnitOutputDirectory Value="lib\$(TargetCPU)-$(TargetOS)"/>
    </SearchPaths>
    <CodeGeneration>
      <TargetCPU Value="i386"/>
      <TargetOS Value="win32"/>
    </CodeGeneration>
    <Other>
      <CompilerMessages>
        <UseMsgFile Value="True"/>
      </CompilerMessages>
      <CompilerPath Value="$(CompPath)"/>
    </Other>
    <LCLWidgetType Value="win32"/>
  </CompilerOptions>
  <Debugging>
    <Watches Count="1">
      <Item1>
        <Expression Value="FPosition"/>
      </Item1>
    </Watches>
    <Exceptions Count="3">
      <Item1>
        <Name Value="EAbort"/>
      </Item1>
      <Item2>
        <Name Value="ECodetoolError"/>
      </Item2>
      <Item3>
        <Name Value="EFOpenError"/>
      </Item3>
    </Exceptions>
  </Debugging>
</CONFIG>
